
Microsoft Visual Studio Solution File, Format Version 12.00
# Visual Studio 15
VisualStudioVersion = 15.0.28010.2048
MinimumVisualStudioVersion = 10.0.40219.1
Project("{FAE04EC0-301F-11D3-BF4B-00C04F79EFBC}") = "MakerBotAgentAdapterCore", "MakerBotAgentAdapterCore\MakerBotAgentAdapterCore.csproj", "{7A6D2FDC-E0B6-4908-94CC-2F2F810A8F9C}"
EndProject
Global
	GlobalSection(SolutionConfigurationPlatforms) = preSolution
		Debug|Any CPU = Debug|Any CPU
		Release|Any CPU = Release|Any CPU
	EndGlobalSection
	GlobalSection(ProjectConfigurationPlatforms) = postSolution
		{7A6D2FDC-E0B6-4908-94CC-2F2F810A8F9C}.Debug|Any CPU.ActiveCfg = Debug|Any CPU
		{7A6D2FDC-E0B6-4908-94CC-2F2F810A8F9C}.Debug|Any CPU.Build.0 = Debug|Any CPU
		{7A6D2FDC-E0B6-4908-94CC-2F2F810A8F9C}.Release|Any CPU.ActiveCfg = Release|Any CPU
		{7A6D2FDC-E0B6-4908-94CC-2F2F810A8F9C}.Release|Any CPU.Build.0 = Release|Any CPU
	EndGlobalSection
	GlobalSection(SolutionProperties) = preSolution
		HideSolutionNode = FALSE
	EndGlobalSection
	GlobalSection(ExtensibilityGlobals) = postSolution
		SolutionGuid = {358C03E5-BD0D-49DD-B749-E775A7669A0C}
	EndGlobalSection
EndGlobal
